// !$*UTF8*$!
{
	archiveVersion = 1;
	classes = {
	};
	objectVersion = 51;
	objects = {

/* Begin PBXBuildFile section */
		B604095F2431412000C3D627 /* StudioInteractor.swift in Sources */ = {isa = PBXBuildFile; fileRef = B604095E2431412000C3D627 /* StudioInteractor.swift */; };
		B60409612431412C00C3D627 /* StudioPresenter.swift in Sources */ = {isa = PBXBuildFile; fileRef = B60409602431412C00C3D627 /* StudioPresenter.swift */; };
		B60409632431413800C3D627 /* StudioEntity.swift in Sources */ = {isa = PBXBuildFile; fileRef = B60409622431413800C3D627 /* StudioEntity.swift */; };
		B60409652431414200C3D627 /* StudioRouter.swift in Sources */ = {isa = PBXBuildFile; fileRef = B60409642431414200C3D627 /* StudioRouter.swift */; };
		B60409672431415C00C3D627 /* Studio+AR.swift in Sources */ = {isa = PBXBuildFile; fileRef = B60409662431415C00C3D627 /* Studio+AR.swift */; };
		B60E2420247AE6CA0010A363 /* InformationType.swift in Sources */ = {isa = PBXBuildFile; fileRef = B60E241F247AE6CA0010A363 /* InformationType.swift */; };
		B60E2427247AEA380010A363 /* InformationInteractor.swift in Sources */ = {isa = PBXBuildFile; fileRef = B60E2422247AEA380010A363 /* InformationInteractor.swift */; };
		B60E2428247AEA380010A363 /* InformationEntity.swift in Sources */ = {isa = PBXBuildFile; fileRef = B60E2423247AEA380010A363 /* InformationEntity.swift */; };
		B60E2429247AEA380010A363 /* InformationRouter.swift in Sources */ = {isa = PBXBuildFile; fileRef = B60E2424247AEA380010A363 /* InformationRouter.swift */; };
		B60E242A247AEA380010A363 /* InformationViewController.swift in Sources */ = {isa = PBXBuildFile; fileRef = B60E2425247AEA380010A363 /* InformationViewController.swift */; };
		B60E242B247AEA380010A363 /* InformationPresenter.swift in Sources */ = {isa = PBXBuildFile; fileRef = B60E2426247AEA380010A363 /* InformationPresenter.swift */; };
		B60E242D247AF3050010A363 /* Information.swift in Sources */ = {isa = PBXBuildFile; fileRef = B60E242C247AF3050010A363 /* Information.swift */; };
		B60E242F247B50510010A363 /* Information+Collection.swift in Sources */ = {isa = PBXBuildFile; fileRef = B60E242E247B50510010A363 /* Information+Collection.swift */; };
		B60E2431247B52180010A363 /* InformationCollectionViewCell.swift in Sources */ = {isa = PBXBuildFile; fileRef = B60E2430247B52180010A363 /* InformationCollectionViewCell.swift */; };
		B60E2433247B52500010A363 /* EmptyInformationCollectionViewCell.swift in Sources */ = {isa = PBXBuildFile; fileRef = B60E2432247B52500010A363 /* EmptyInformationCollectionViewCell.swift */; };
		B6102A26241EC75A0060E962 /* MemoriesInteractor.swift in Sources */ = {isa = PBXBuildFile; fileRef = B6102A25241EC75A0060E962 /* MemoriesInteractor.swift */; };
		B6102A28241EC7640060E962 /* MemoriesPresenter.swift in Sources */ = {isa = PBXBuildFile; fileRef = B6102A27241EC7640060E962 /* MemoriesPresenter.swift */; };
		B6102A2A241EC7730060E962 /* MemoriesRouter.swift in Sources */ = {isa = PBXBuildFile; fileRef = B6102A29241EC7730060E962 /* MemoriesRouter.swift */; };
		B6102A2C241EC7900060E962 /* MemoriesEntity.swift in Sources */ = {isa = PBXBuildFile; fileRef = B6102A2B241EC7900060E962 /* MemoriesEntity.swift */; };
		B6102A2E241EC9AB0060E962 /* ExperienceViewController.swift in Sources */ = {isa = PBXBuildFile; fileRef = B6102A2D241EC9AB0060E962 /* ExperienceViewController.swift */; };
		B6102A30241ECA230060E962 /* ExperienceInteractor.swift in Sources */ = {isa = PBXBuildFile; fileRef = B6102A2F241ECA230060E962 /* ExperienceInteractor.swift */; };
		B6102A32241ECA2E0060E962 /* ExperiencePresenter.swift in Sources */ = {isa = PBXBuildFile; fileRef = B6102A31241ECA2E0060E962 /* ExperiencePresenter.swift */; };
		B6102A34241ECA3F0060E962 /* ExperienceEntity.swift in Sources */ = {isa = PBXBuildFile; fileRef = B6102A33241ECA3F0060E962 /* ExperienceEntity.swift */; };
		B6102A36241ECA4B0060E962 /* ExperienceRouter.swift in Sources */ = {isa = PBXBuildFile; fileRef = B6102A35241ECA4B0060E962 /* ExperienceRouter.swift */; };
		B6102A38241ED0250060E962 /* NavigationBarView.swift in Sources */ = {isa = PBXBuildFile; fileRef = B6102A37241ED0250060E962 /* NavigationBarView.swift */; };
		B6102A3A241ED1DC0060E962 /* Memories+Collection.swift in Sources */ = {isa = PBXBuildFile; fileRef = B6102A39241ED1DC0060E962 /* Memories+Collection.swift */; };
		B6102A3C241ED3CA0060E962 /* ActionBarView.swift in Sources */ = {isa = PBXBuildFile; fileRef = B6102A3B241ED3CA0060E962 /* ActionBarView.swift */; };
		B6102A3E241ED4320060E962 /* ActionBarButton.swift in Sources */ = {isa = PBXBuildFile; fileRef = B6102A3D241ED4320060E962 /* ActionBarButton.swift */; };
		B6303373245CBF7B00DFDA0D /* Collection.swift in Sources */ = {isa = PBXBuildFile; fileRef = B6303372245CBF7B00DFDA0D /* Collection.swift */; };
		B6304255243A3A890026FA1D /* ReminderType.swift in Sources */ = {isa = PBXBuildFile; fileRef = B6304254243A3A890026FA1D /* ReminderType.swift */; };
		B63663ED239444420008F5BD /* NavigationController.swift in Sources */ = {isa = PBXBuildFile; fileRef = B63663EC239444420008F5BD /* NavigationController.swift */; };
		B63663EF239448420008F5BD /* MemoriesViewController.swift in Sources */ = {isa = PBXBuildFile; fileRef = B63663EE239448420008F5BD /* MemoriesViewController.swift */; };
		B63663F2239448990008F5BD /* MemoryCollectionViewCell.swift in Sources */ = {isa = PBXBuildFile; fileRef = B63663F1239448990008F5BD /* MemoryCollectionViewCell.swift */; };
		B63E3C3824522CA400F41EEB /* ReminderAnchor.swift in Sources */ = {isa = PBXBuildFile; fileRef = B63E3C3724522CA400F41EEB /* ReminderAnchor.swift */; };
		B6412CDD238EE49300BED236 /* DocumentsDatabase.swift in Sources */ = {isa = PBXBuildFile; fileRef = B6412CDC238EE49300BED236 /* DocumentsDatabase.swift */; };
		B6412CE1238EE6A900BED236 /* StudioViewController.swift in Sources */ = {isa = PBXBuildFile; fileRef = B6412CE0238EE6A900BED236 /* StudioViewController.swift */; };
		B6412CE3238EEB0900BED236 /* SceneDelegate.swift in Sources */ = {isa = PBXBuildFile; fileRef = B6412CE2238EEB0900BED236 /* SceneDelegate.swift */; };
		B6412CE5238EF8D400BED236 /* SnapshotAnchor.swift in Sources */ = {isa = PBXBuildFile; fileRef = B6412CE4238EF8D400BED236 /* SnapshotAnchor.swift */; };
		B6412CE7238EF9A500BED236 /* ARUtilities.swift in Sources */ = {isa = PBXBuildFile; fileRef = B6412CE6238EF9A500BED236 /* ARUtilities.swift */; };
		B6423FA8241D8DD6004A7B5E /* RealmDatabase.swift in Sources */ = {isa = PBXBuildFile; fileRef = B6423FA7241D8DD6004A7B5E /* RealmDatabase.swift */; };
		B6423FAA241D92BD004A7B5E /* RealmObserver.swift in Sources */ = {isa = PBXBuildFile; fileRef = B6423FA9241D92BD004A7B5E /* RealmObserver.swift */; };
		B6423FAC241D9354004A7B5E /* Database.swift in Sources */ = {isa = PBXBuildFile; fileRef = B6423FAB241D9354004A7B5E /* Database.swift */; };
		B6423FAE241D93A8004A7B5E /* DatabaseObserver.swift in Sources */ = {isa = PBXBuildFile; fileRef = B6423FAD241D93A8004A7B5E /* DatabaseObserver.swift */; };
		B6423FB1241D94B8004A7B5E /* UserDefaultsDatabase.swift in Sources */ = {isa = PBXBuildFile; fileRef = B6423FB0241D94B8004A7B5E /* UserDefaultsDatabase.swift */; };
		B6423FB3241D99AD004A7B5E /* SeriesChanges.swift in Sources */ = {isa = PBXBuildFile; fileRef = B6423FB2241D99AD004A7B5E /* SeriesChanges.swift */; };
		B6423FB5241D9A6C004A7B5E /* App.swift in Sources */ = {isa = PBXBuildFile; fileRef = B6423FB4241D9A6C004A7B5E /* App.swift */; };
		B64E7CE02485DF60003292F1 /* TransformRealm.swift in Sources */ = {isa = PBXBuildFile; fileRef = B64E7CDF2485DF60003292F1 /* TransformRealm.swift */; };
		B64E7CE32485F1D2003292F1 /* Transform.swift in Sources */ = {isa = PBXBuildFile; fileRef = B64E7CE22485F1D2003292F1 /* Transform.swift */; };
		B64E7CE52485F61E003292F1 /* Memory.swift in Sources */ = {isa = PBXBuildFile; fileRef = B64E7CE42485F61E003292F1 /* Memory.swift */; };
		B6654C4A243E5CD40081CD22 /* CreateViewController.swift in Sources */ = {isa = PBXBuildFile; fileRef = B6654C49243E5CD40081CD22 /* CreateViewController.swift */; };
		B6654C4C243E5CE40081CD22 /* CreateInteractor.swift in Sources */ = {isa = PBXBuildFile; fileRef = B6654C4B243E5CE40081CD22 /* CreateInteractor.swift */; };
		B6654C4E243E5CF60081CD22 /* CreatePresenter.swift in Sources */ = {isa = PBXBuildFile; fileRef = B6654C4D243E5CF60081CD22 /* CreatePresenter.swift */; };
		B6654C50243E5D010081CD22 /* CreateEntity.swift in Sources */ = {isa = PBXBuildFile; fileRef = B6654C4F243E5D010081CD22 /* CreateEntity.swift */; };
		B6654C52243E5D0D0081CD22 /* CreateRouter.swift in Sources */ = {isa = PBXBuildFile; fileRef = B6654C51243E5D0D0081CD22 /* CreateRouter.swift */; };
		B6654C54243E5D260081CD22 /* SettingsViewController.swift in Sources */ = {isa = PBXBuildFile; fileRef = B6654C53243E5D260081CD22 /* SettingsViewController.swift */; };
		B6654C56243E5D310081CD22 /* SettingsInteractor.swift in Sources */ = {isa = PBXBuildFile; fileRef = B6654C55243E5D310081CD22 /* SettingsInteractor.swift */; };
		B6654C58243E5D410081CD22 /* SettingsPresenter.swift in Sources */ = {isa = PBXBuildFile; fileRef = B6654C57243E5D410081CD22 /* SettingsPresenter.swift */; };
		B6654C5A243E5D4E0081CD22 /* SettingsEntity.swift in Sources */ = {isa = PBXBuildFile; fileRef = B6654C59243E5D4E0081CD22 /* SettingsEntity.swift */; };
		B6654C5C243E5D640081CD22 /* SettingsRouter.swift in Sources */ = {isa = PBXBuildFile; fileRef = B6654C5B243E5D640081CD22 /* SettingsRouter.swift */; };
		B67F2FFF2453C42900C42324 /* InputTextView.swift in Sources */ = {isa = PBXBuildFile; fileRef = B67F2FFE2453C42900C42324 /* InputTextView.swift */; };
		B68D44982483363800F5A44A /* Settings+Table.swift in Sources */ = {isa = PBXBuildFile; fileRef = B68D44972483363800F5A44A /* Settings+Table.swift */; };
		B68D449A248338DF00F5A44A /* MessageTableViewCell.swift in Sources */ = {isa = PBXBuildFile; fileRef = B68D4499248338DF00F5A44A /* MessageTableViewCell.swift */; };
		B6907C742481F19500B7252B /* CollectionViewHeaderView.swift in Sources */ = {isa = PBXBuildFile; fileRef = B6907C732481F19500B7252B /* CollectionViewHeaderView.swift */; };
		B6996AAD2394372D00F4133D /* CircleButton.swift in Sources */ = {isa = PBXBuildFile; fileRef = B6996AAC2394372D00F4133D /* CircleButton.swift */; };
		B6996AAF239439EB00F4133D /* InfoView.swift in Sources */ = {isa = PBXBuildFile; fileRef = B6996AAE239439EB00F4133D /* InfoView.swift */; };
		B69ADD4C244F98F2001D9625 /* Studio+Media.swift in Sources */ = {isa = PBXBuildFile; fileRef = B69ADD4B244F98F2001D9625 /* Studio+Media.swift */; };
		B6A09EE02436B11A00EB700A /* OptionsBarView.swift in Sources */ = {isa = PBXBuildFile; fileRef = B6A09EDF2436B11A00EB700A /* OptionsBarView.swift */; };
		B6C1898B245F5C07002B6FEA /* SnapshotTransition.swift in Sources */ = {isa = PBXBuildFile; fileRef = B6C1898A245F5C07002B6FEA /* SnapshotTransition.swift */; };
		B6C1898D245F7D5D002B6FEA /* CGSize.swift in Sources */ = {isa = PBXBuildFile; fileRef = B6C1898C245F7D5D002B6FEA /* CGSize.swift */; };
		B6C1898F245F8644002B6FEA /* Comparable.swift in Sources */ = {isa = PBXBuildFile; fileRef = B6C1898E245F8644002B6FEA /* Comparable.swift */; };
		B6C1ED9623809E8200AAE1B1 /* AppDelegate.swift in Sources */ = {isa = PBXBuildFile; fileRef = B6C1ED9523809E8200AAE1B1 /* AppDelegate.swift */; };
		B6C1ED9F23809E8300AAE1B1 /* Assets.xcassets in Resources */ = {isa = PBXBuildFile; fileRef = B6C1ED9E23809E8300AAE1B1 /* Assets.xcassets */; };
		B6CD6610243C0DFA0026F1EA /* MenuController.swift in Sources */ = {isa = PBXBuildFile; fileRef = B6CD660F243C0DFA0026F1EA /* MenuController.swift */; };
		B6CD6612243C10810026F1EA /* MenuPageType.swift in Sources */ = {isa = PBXBuildFile; fileRef = B6CD6611243C10810026F1EA /* MenuPageType.swift */; };
		B6D033422455E6C400511544 /* Reminder.swift in Sources */ = {isa = PBXBuildFile; fileRef = B6D033412455E6C400511544 /* Reminder.swift */; };
		B6D033442456058800511544 /* AVAssetTrack.swift in Sources */ = {isa = PBXBuildFile; fileRef = B6D033432456058800511544 /* AVAssetTrack.swift */; };
		B6D033462456630A00511544 /* UIImage.swift in Sources */ = {isa = PBXBuildFile; fileRef = B6D033452456630A00511544 /* UIImage.swift */; };
		B6DBE81F247F4F07003D83B0 /* FlagTableViewCell.swift in Sources */ = {isa = PBXBuildFile; fileRef = B6DBE81E247F4F07003D83B0 /* FlagTableViewCell.swift */; };
		B6DBE82124801B97003D83B0 /* Create+Media.swift in Sources */ = {isa = PBXBuildFile; fileRef = B6DBE82024801B97003D83B0 /* Create+Media.swift */; };
		B6DBE82324806329003D83B0 /* TableViewHeaderView.swift in Sources */ = {isa = PBXBuildFile; fileRef = B6DBE82224806329003D83B0 /* TableViewHeaderView.swift */; };
		B6DBE82524806489003D83B0 /* TextInputTableViewCell.swift in Sources */ = {isa = PBXBuildFile; fileRef = B6DBE82424806489003D83B0 /* TextInputTableViewCell.swift */; };
		B6DBE82724806645003D83B0 /* SpacingTableViewCell.swift in Sources */ = {isa = PBXBuildFile; fileRef = B6DBE82624806645003D83B0 /* SpacingTableViewCell.swift */; };
		B6DBE82924806975003D83B0 /* ImageInputTableViewCell.swift in Sources */ = {isa = PBXBuildFile; fileRef = B6DBE82824806975003D83B0 /* ImageInputTableViewCell.swift */; };
		B6DBE82B24806BE6003D83B0 /* Create+Table.swift in Sources */ = {isa = PBXBuildFile; fileRef = B6DBE82A24806BE6003D83B0 /* Create+Table.swift */; };
		B6DBE82D248086E2003D83B0 /* ButtonTableViewCell.swift in Sources */ = {isa = PBXBuildFile; fileRef = B6DBE82C248086E2003D83B0 /* ButtonTableViewCell.swift */; };
		B6DBE82F2480A20C003D83B0 /* MemoryContextMenuViewController.swift in Sources */ = {isa = PBXBuildFile; fileRef = B6DBE82E2480A20C003D83B0 /* MemoryContextMenuViewController.swift */; };
		B6DD3E9E247C9CA200245792 /* InformationData.jscsrc in Resources */ = {isa = PBXBuildFile; fileRef = B6DD3E9D247C9CA200245792 /* InformationData.jscsrc */; };
		B6E3E88D243E771100656B21 /* Array.swift in Sources */ = {isa = PBXBuildFile; fileRef = B6E3E88C243E771100656B21 /* Array.swift */; };
		B6E7F67324379EC3001A5149 /* ActionView.swift in Sources */ = {isa = PBXBuildFile; fileRef = B6E7F67224379EC3001A5149 /* ActionView.swift */; };
		B6E7F6772438C8C1001A5149 /* CGRect.swift in Sources */ = {isa = PBXBuildFile; fileRef = B6E7F6762438C8C1001A5149 /* CGRect.swift */; };
		B6E7F6792438C8E0001A5149 /* CGPoint.swift in Sources */ = {isa = PBXBuildFile; fileRef = B6E7F6782438C8E0001A5149 /* CGPoint.swift */; };
		B6E7F67B2438CE4A001A5149 /* OptionsBarButton.swift in Sources */ = {isa = PBXBuildFile; fileRef = B6E7F67A2438CE4A001A5149 /* OptionsBarButton.swift */; };
		B6E7F67E2438DB74001A5149 /* MemoryRealm.swift in Sources */ = {isa = PBXBuildFile; fileRef = B6E7F67D2438DB74001A5149 /* MemoryRealm.swift */; };
		B6E7F68024394637001A5149 /* Experience+AR.swift in Sources */ = {isa = PBXBuildFile; fileRef = B6E7F67F24394637001A5149 /* Experience+AR.swift */; };
		B6F236B724379069002457DF /* PillButton.swift in Sources */ = {isa = PBXBuildFile; fileRef = B6F236B624379069002457DF /* PillButton.swift */; };
		B6F2AD33243AB174009273CC /* SnapshotView.swift in Sources */ = {isa = PBXBuildFile; fileRef = B6F2AD32243AB174009273CC /* SnapshotView.swift */; };
		B6F9579B24398BB40072EBD8 /* EmptyMemoryCollectionViewCell.swift in Sources */ = {isa = PBXBuildFile; fileRef = B6F9579A24398BB40072EBD8 /* EmptyMemoryCollectionViewCell.swift */; };
		C6BE42FFDC075E42C630E3CC /* Pods_Memorabilia.framework in Frameworks */ = {isa = PBXBuildFile; fileRef = 7FF160F8A56DEDA37463E238 /* Pods_Memorabilia.framework */; };
/* End PBXBuildFile section */

/* Begin PBXFileReference section */
		7FF160F8A56DEDA37463E238 /* Pods_Memorabilia.framework */ = {isa = PBXFileReference; explicitFileType = wrapper.framework; includeInIndex = 0; path = Pods_Memorabilia.framework; sourceTree = BUILT_PRODUCTS_DIR; };
		B604095E2431412000C3D627 /* StudioInteractor.swift */ = {isa = PBXFileReference; lastKnownFileType = sourcecode.swift; path = StudioInteractor.swift; sourceTree = "<group>"; };
		B60409602431412C00C3D627 /* StudioPresenter.swift */ = {isa = PBXFileReference; lastKnownFileType = sourcecode.swift; path = StudioPresenter.swift; sourceTree = "<group>"; };
		B60409622431413800C3D627 /* StudioEntity.swift */ = {isa = PBXFileReference; lastKnownFileType = sourcecode.swift; path = StudioEntity.swift; sourceTree = "<group>"; };
		B60409642431414200C3D627 /* StudioRouter.swift */ = {isa = PBXFileReference; lastKnownFileType = sourcecode.swift; path = StudioRouter.swift; sourceTree = "<group>"; };
		B60409662431415C00C3D627 /* Studio+AR.swift */ = {isa = PBXFileReference; lastKnownFileType = sourcecode.swift; path = "Studio+AR.swift"; sourceTree = "<group>"; };
		B60E241F247AE6CA0010A363 /* InformationType.swift */ = {isa = PBXFileReference; lastKnownFileType = sourcecode.swift; path = InformationType.swift; sourceTree = "<group>"; };
		B60E2422247AEA380010A363 /* InformationInteractor.swift */ = {isa = PBXFileReference; fileEncoding = 4; lastKnownFileType = sourcecode.swift; path = InformationInteractor.swift; sourceTree = "<group>"; };
		B60E2423247AEA380010A363 /* InformationEntity.swift */ = {isa = PBXFileReference; fileEncoding = 4; lastKnownFileType = sourcecode.swift; path = InformationEntity.swift; sourceTree = "<group>"; };
		B60E2424247AEA380010A363 /* InformationRouter.swift */ = {isa = PBXFileReference; fileEncoding = 4; lastKnownFileType = sourcecode.swift; path = InformationRouter.swift; sourceTree = "<group>"; };
		B60E2425247AEA380010A363 /* InformationViewController.swift */ = {isa = PBXFileReference; fileEncoding = 4; lastKnownFileType = sourcecode.swift; path = InformationViewController.swift; sourceTree = "<group>"; };
		B60E2426247AEA380010A363 /* InformationPresenter.swift */ = {isa = PBXFileReference; fileEncoding = 4; lastKnownFileType = sourcecode.swift; path = InformationPresenter.swift; sourceTree = "<group>"; };
		B60E242C247AF3050010A363 /* Information.swift */ = {isa = PBXFileReference; lastKnownFileType = sourcecode.swift; path = Information.swift; sourceTree = "<group>"; };
		B60E242E247B50510010A363 /* Information+Collection.swift */ = {isa = PBXFileReference; lastKnownFileType = sourcecode.swift; path = "Information+Collection.swift"; sourceTree = "<group>"; };
		B60E2430247B52180010A363 /* InformationCollectionViewCell.swift */ = {isa = PBXFileReference; lastKnownFileType = sourcecode.swift; path = InformationCollectionViewCell.swift; sourceTree = "<group>"; };
		B60E2432247B52500010A363 /* EmptyInformationCollectionViewCell.swift */ = {isa = PBXFileReference; lastKnownFileType = sourcecode.swift; path = EmptyInformationCollectionViewCell.swift; sourceTree = "<group>"; };
		B6102A25241EC75A0060E962 /* MemoriesInteractor.swift */ = {isa = PBXFileReference; lastKnownFileType = sourcecode.swift; path = MemoriesInteractor.swift; sourceTree = "<group>"; };
		B6102A27241EC7640060E962 /* MemoriesPresenter.swift */ = {isa = PBXFileReference; lastKnownFileType = sourcecode.swift; path = MemoriesPresenter.swift; sourceTree = "<group>"; };
		B6102A29241EC7730060E962 /* MemoriesRouter.swift */ = {isa = PBXFileReference; lastKnownFileType = sourcecode.swift; path = MemoriesRouter.swift; sourceTree = "<group>"; };
		B6102A2B241EC7900060E962 /* MemoriesEntity.swift */ = {isa = PBXFileReference; lastKnownFileType = sourcecode.swift; path = MemoriesEntity.swift; sourceTree = "<group>"; };
		B6102A2D241EC9AB0060E962 /* ExperienceViewController.swift */ = {isa = PBXFileReference; lastKnownFileType = sourcecode.swift; name = ExperienceViewController.swift; path = Memorabilia/Clean/Memories/ExperienceViewController.swift; sourceTree = SOURCE_ROOT; };
		B6102A2F241ECA230060E962 /* ExperienceInteractor.swift */ = {isa = PBXFileReference; lastKnownFileType = sourcecode.swift; name = ExperienceInteractor.swift; path = Memorabilia/Clean/Memories/ExperienceInteractor.swift; sourceTree = SOURCE_ROOT; };
		B6102A31241ECA2E0060E962 /* ExperiencePresenter.swift */ = {isa = PBXFileReference; lastKnownFileType = sourcecode.swift; name = ExperiencePresenter.swift; path = Memorabilia/Clean/Memories/ExperiencePresenter.swift; sourceTree = SOURCE_ROOT; };
		B6102A33241ECA3F0060E962 /* ExperienceEntity.swift */ = {isa = PBXFileReference; lastKnownFileType = sourcecode.swift; name = ExperienceEntity.swift; path = Memorabilia/Clean/Memories/ExperienceEntity.swift; sourceTree = SOURCE_ROOT; };
		B6102A35241ECA4B0060E962 /* ExperienceRouter.swift */ = {isa = PBXFileReference; lastKnownFileType = sourcecode.swift; name = ExperienceRouter.swift; path = Memorabilia/Clean/Memories/ExperienceRouter.swift; sourceTree = SOURCE_ROOT; };
		B6102A37241ED0250060E962 /* NavigationBarView.swift */ = {isa = PBXFileReference; lastKnownFileType = sourcecode.swift; path = NavigationBarView.swift; sourceTree = "<group>"; };
		B6102A39241ED1DC0060E962 /* Memories+Collection.swift */ = {isa = PBXFileReference; lastKnownFileType = sourcecode.swift; path = "Memories+Collection.swift"; sourceTree = "<group>"; };
		B6102A3B241ED3CA0060E962 /* ActionBarView.swift */ = {isa = PBXFileReference; lastKnownFileType = sourcecode.swift; path = ActionBarView.swift; sourceTree = "<group>"; };
		B6102A3D241ED4320060E962 /* ActionBarButton.swift */ = {isa = PBXFileReference; lastKnownFileType = sourcecode.swift; path = ActionBarButton.swift; sourceTree = "<group>"; };
		B6303372245CBF7B00DFDA0D /* Collection.swift */ = {isa = PBXFileReference; lastKnownFileType = sourcecode.swift; path = Collection.swift; sourceTree = "<group>"; };
		B6304254243A3A890026FA1D /* ReminderType.swift */ = {isa = PBXFileReference; lastKnownFileType = sourcecode.swift; path = ReminderType.swift; sourceTree = "<group>"; };
		B63663EC239444420008F5BD /* NavigationController.swift */ = {isa = PBXFileReference; lastKnownFileType = sourcecode.swift; path = NavigationController.swift; sourceTree = "<group>"; };
		B63663EE239448420008F5BD /* MemoriesViewController.swift */ = {isa = PBXFileReference; lastKnownFileType = sourcecode.swift; path = MemoriesViewController.swift; sourceTree = "<group>"; };
		B63663F1239448990008F5BD /* MemoryCollectionViewCell.swift */ = {isa = PBXFileReference; lastKnownFileType = sourcecode.swift; path = MemoryCollectionViewCell.swift; sourceTree = "<group>"; };
		B63E3C3724522CA400F41EEB /* ReminderAnchor.swift */ = {isa = PBXFileReference; lastKnownFileType = sourcecode.swift; path = ReminderAnchor.swift; sourceTree = "<group>"; };
		B6412CDC238EE49300BED236 /* DocumentsDatabase.swift */ = {isa = PBXFileReference; lastKnownFileType = sourcecode.swift; path = DocumentsDatabase.swift; sourceTree = "<group>"; };
		B6412CE0238EE6A900BED236 /* StudioViewController.swift */ = {isa = PBXFileReference; lastKnownFileType = sourcecode.swift; path = StudioViewController.swift; sourceTree = "<group>"; };
		B6412CE2238EEB0900BED236 /* SceneDelegate.swift */ = {isa = PBXFileReference; lastKnownFileType = sourcecode.swift; path = SceneDelegate.swift; sourceTree = "<group>"; };
		B6412CE4238EF8D400BED236 /* SnapshotAnchor.swift */ = {isa = PBXFileReference; lastKnownFileType = sourcecode.swift; path = SnapshotAnchor.swift; sourceTree = "<group>"; };
		B6412CE6238EF9A500BED236 /* ARUtilities.swift */ = {isa = PBXFileReference; lastKnownFileType = sourcecode.swift; path = ARUtilities.swift; sourceTree = "<group>"; };
		B6423FA7241D8DD6004A7B5E /* RealmDatabase.swift */ = {isa = PBXFileReference; lastKnownFileType = sourcecode.swift; path = RealmDatabase.swift; sourceTree = "<group>"; };
		B6423FA9241D92BD004A7B5E /* RealmObserver.swift */ = {isa = PBXFileReference; lastKnownFileType = sourcecode.swift; path = RealmObserver.swift; sourceTree = "<group>"; };
		B6423FAB241D9354004A7B5E /* Database.swift */ = {isa = PBXFileReference; lastKnownFileType = sourcecode.swift; path = Database.swift; sourceTree = "<group>"; };
		B6423FAD241D93A8004A7B5E /* DatabaseObserver.swift */ = {isa = PBXFileReference; lastKnownFileType = sourcecode.swift; path = DatabaseObserver.swift; sourceTree = "<group>"; };
		B6423FB0241D94B8004A7B5E /* UserDefaultsDatabase.swift */ = {isa = PBXFileReference; lastKnownFileType = sourcecode.swift; path = UserDefaultsDatabase.swift; sourceTree = "<group>"; };
		B6423FB2241D99AD004A7B5E /* SeriesChanges.swift */ = {isa = PBXFileReference; lastKnownFileType = sourcecode.swift; path = SeriesChanges.swift; sourceTree = "<group>"; };
		B6423FB4241D9A6C004A7B5E /* App.swift */ = {isa = PBXFileReference; lastKnownFileType = sourcecode.swift; path = App.swift; sourceTree = "<group>"; };
		B64E7CDF2485DF60003292F1 /* TransformRealm.swift */ = {isa = PBXFileReference; lastKnownFileType = sourcecode.swift; path = TransformRealm.swift; sourceTree = "<group>"; };
		B64E7CE22485F1D2003292F1 /* Transform.swift */ = {isa = PBXFileReference; lastKnownFileType = sourcecode.swift; path = Transform.swift; sourceTree = "<group>"; };
		B64E7CE42485F61E003292F1 /* Memory.swift */ = {isa = PBXFileReference; lastKnownFileType = sourcecode.swift; path = Memory.swift; sourceTree = "<group>"; };
		B6654C49243E5CD40081CD22 /* CreateViewController.swift */ = {isa = PBXFileReference; lastKnownFileType = sourcecode.swift; path = CreateViewController.swift; sourceTree = "<group>"; };
		B6654C4B243E5CE40081CD22 /* CreateInteractor.swift */ = {isa = PBXFileReference; lastKnownFileType = sourcecode.swift; path = CreateInteractor.swift; sourceTree = "<group>"; };
		B6654C4D243E5CF60081CD22 /* CreatePresenter.swift */ = {isa = PBXFileReference; lastKnownFileType = sourcecode.swift; path = CreatePresenter.swift; sourceTree = "<group>"; };
		B6654C4F243E5D010081CD22 /* CreateEntity.swift */ = {isa = PBXFileReference; lastKnownFileType = sourcecode.swift; path = CreateEntity.swift; sourceTree = "<group>"; };
		B6654C51243E5D0D0081CD22 /* CreateRouter.swift */ = {isa = PBXFileReference; lastKnownFileType = sourcecode.swift; path = CreateRouter.swift; sourceTree = "<group>"; };
		B6654C53243E5D260081CD22 /* SettingsViewController.swift */ = {isa = PBXFileReference; lastKnownFileType = sourcecode.swift; path = SettingsViewController.swift; sourceTree = "<group>"; };
		B6654C55243E5D310081CD22 /* SettingsInteractor.swift */ = {isa = PBXFileReference; lastKnownFileType = sourcecode.swift; path = SettingsInteractor.swift; sourceTree = "<group>"; };
		B6654C57243E5D410081CD22 /* SettingsPresenter.swift */ = {isa = PBXFileReference; lastKnownFileType = sourcecode.swift; path = SettingsPresenter.swift; sourceTree = "<group>"; };
		B6654C59243E5D4E0081CD22 /* SettingsEntity.swift */ = {isa = PBXFileReference; lastKnownFileType = sourcecode.swift; path = SettingsEntity.swift; sourceTree = "<group>"; };
		B6654C5B243E5D640081CD22 /* SettingsRouter.swift */ = {isa = PBXFileReference; lastKnownFileType = sourcecode.swift; path = SettingsRouter.swift; sourceTree = "<group>"; };
		B67F2FFE2453C42900C42324 /* InputTextView.swift */ = {isa = PBXFileReference; lastKnownFileType = sourcecode.swift; path = InputTextView.swift; sourceTree = "<group>"; };
		B68D44972483363800F5A44A /* Settings+Table.swift */ = {isa = PBXFileReference; lastKnownFileType = sourcecode.swift; path = "Settings+Table.swift"; sourceTree = "<group>"; };
		B68D4499248338DF00F5A44A /* MessageTableViewCell.swift */ = {isa = PBXFileReference; lastKnownFileType = sourcecode.swift; path = MessageTableViewCell.swift; sourceTree = "<group>"; };
		B6907C732481F19500B7252B /* CollectionViewHeaderView.swift */ = {isa = PBXFileReference; lastKnownFileType = sourcecode.swift; path = CollectionViewHeaderView.swift; sourceTree = "<group>"; };
		B6996AAC2394372D00F4133D /* CircleButton.swift */ = {isa = PBXFileReference; lastKnownFileType = sourcecode.swift; path = CircleButton.swift; sourceTree = "<group>"; };
		B6996AAE239439EB00F4133D /* InfoView.swift */ = {isa = PBXFileReference; lastKnownFileType = sourcecode.swift; path = InfoView.swift; sourceTree = "<group>"; };
		B69ADD4B244F98F2001D9625 /* Studio+Media.swift */ = {isa = PBXFileReference; lastKnownFileType = sourcecode.swift; path = "Studio+Media.swift"; sourceTree = "<group>"; };
		B6A09EDF2436B11A00EB700A /* OptionsBarView.swift */ = {isa = PBXFileReference; lastKnownFileType = sourcecode.swift; path = OptionsBarView.swift; sourceTree = "<group>"; };
		B6C1898A245F5C07002B6FEA /* SnapshotTransition.swift */ = {isa = PBXFileReference; lastKnownFileType = sourcecode.swift; path = SnapshotTransition.swift; sourceTree = "<group>"; };
		B6C1898C245F7D5D002B6FEA /* CGSize.swift */ = {isa = PBXFileReference; lastKnownFileType = sourcecode.swift; path = CGSize.swift; sourceTree = "<group>"; };
		B6C1898E245F8644002B6FEA /* Comparable.swift */ = {isa = PBXFileReference; lastKnownFileType = sourcecode.swift; path = Comparable.swift; sourceTree = "<group>"; };
		B6C1ED9223809E8200AAE1B1 /* Memorabilia.app */ = {isa = PBXFileReference; explicitFileType = wrapper.application; includeInIndex = 0; path = Memorabilia.app; sourceTree = BUILT_PRODUCTS_DIR; };
		B6C1ED9523809E8200AAE1B1 /* AppDelegate.swift */ = {isa = PBXFileReference; lastKnownFileType = sourcecode.swift; path = AppDelegate.swift; sourceTree = "<group>"; };
		B6C1ED9E23809E8300AAE1B1 /* Assets.xcassets */ = {isa = PBXFileReference; lastKnownFileType = folder.assetcatalog; path = Assets.xcassets; sourceTree = "<group>"; };
		B6C1EDA323809E8300AAE1B1 /* Info.plist */ = {isa = PBXFileReference; lastKnownFileType = text.plist.xml; path = Info.plist; sourceTree = "<group>"; };
		B6CD660F243C0DFA0026F1EA /* MenuController.swift */ = {isa = PBXFileReference; lastKnownFileType = sourcecode.swift; path = MenuController.swift; sourceTree = "<group>"; };
		B6CD6611243C10810026F1EA /* MenuPageType.swift */ = {isa = PBXFileReference; lastKnownFileType = sourcecode.swift; path = MenuPageType.swift; sourceTree = "<group>"; };
		B6D033412455E6C400511544 /* Reminder.swift */ = {isa = PBXFileReference; lastKnownFileType = sourcecode.swift; path = Reminder.swift; sourceTree = "<group>"; };
		B6D033432456058800511544 /* AVAssetTrack.swift */ = {isa = PBXFileReference; lastKnownFileType = sourcecode.swift; path = AVAssetTrack.swift; sourceTree = "<group>"; };
		B6D033452456630A00511544 /* UIImage.swift */ = {isa = PBXFileReference; lastKnownFileType = sourcecode.swift; path = UIImage.swift; sourceTree = "<group>"; };
		B6DBE81E247F4F07003D83B0 /* FlagTableViewCell.swift */ = {isa = PBXFileReference; lastKnownFileType = sourcecode.swift; path = FlagTableViewCell.swift; sourceTree = "<group>"; };
		B6DBE82024801B97003D83B0 /* Create+Media.swift */ = {isa = PBXFileReference; lastKnownFileType = sourcecode.swift; path = "Create+Media.swift"; sourceTree = "<group>"; };
		B6DBE82224806329003D83B0 /* TableViewHeaderView.swift */ = {isa = PBXFileReference; lastKnownFileType = sourcecode.swift; path = TableViewHeaderView.swift; sourceTree = "<group>"; };
		B6DBE82424806489003D83B0 /* TextInputTableViewCell.swift */ = {isa = PBXFileReference; lastKnownFileType = sourcecode.swift; path = TextInputTableViewCell.swift; sourceTree = "<group>"; };
		B6DBE82624806645003D83B0 /* SpacingTableViewCell.swift */ = {isa = PBXFileReference; lastKnownFileType = sourcecode.swift; path = SpacingTableViewCell.swift; sourceTree = "<group>"; };
		B6DBE82824806975003D83B0 /* ImageInputTableViewCell.swift */ = {isa = PBXFileReference; lastKnownFileType = sourcecode.swift; path = ImageInputTableViewCell.swift; sourceTree = "<group>"; };
		B6DBE82A24806BE6003D83B0 /* Create+Table.swift */ = {isa = PBXFileReference; lastKnownFileType = sourcecode.swift; path = "Create+Table.swift"; sourceTree = "<group>"; };
		B6DBE82C248086E2003D83B0 /* ButtonTableViewCell.swift */ = {isa = PBXFileReference; lastKnownFileType = sourcecode.swift; path = ButtonTableViewCell.swift; sourceTree = "<group>"; };
		B6DBE82E2480A20C003D83B0 /* MemoryContextMenuViewController.swift */ = {isa = PBXFileReference; lastKnownFileType = sourcecode.swift; path = MemoryContextMenuViewController.swift; sourceTree = "<group>"; };
		B6DD3E9D247C9CA200245792 /* InformationData.jscsrc */ = {isa = PBXFileReference; explicitFileType = text.json; fileEncoding = 4; path = InformationData.jscsrc; sourceTree = "<group>"; usesTabs = 0; };
		B6E3E88C243E771100656B21 /* Array.swift */ = {isa = PBXFileReference; lastKnownFileType = sourcecode.swift; path = Array.swift; sourceTree = "<group>"; };
		B6E7F67224379EC3001A5149 /* ActionView.swift */ = {isa = PBXFileReference; lastKnownFileType = sourcecode.swift; path = ActionView.swift; sourceTree = "<group>"; };
		B6E7F6762438C8C1001A5149 /* CGRect.swift */ = {isa = PBXFileReference; lastKnownFileType = sourcecode.swift; path = CGRect.swift; sourceTree = "<group>"; };
		B6E7F6782438C8E0001A5149 /* CGPoint.swift */ = {isa = PBXFileReference; lastKnownFileType = sourcecode.swift; path = CGPoint.swift; sourceTree = "<group>"; };
		B6E7F67A2438CE4A001A5149 /* OptionsBarButton.swift */ = {isa = PBXFileReference; lastKnownFileType = sourcecode.swift; path = OptionsBarButton.swift; sourceTree = "<group>"; };
		B6E7F67D2438DB74001A5149 /* MemoryRealm.swift */ = {isa = PBXFileReference; lastKnownFileType = sourcecode.swift; path = MemoryRealm.swift; sourceTree = "<group>"; };
		B6E7F67F24394637001A5149 /* Experience+AR.swift */ = {isa = PBXFileReference; lastKnownFileType = sourcecode.swift; name = "Experience+AR.swift"; path = "Memorabilia/Service/Realm/Model/Experience+AR.swift"; sourceTree = SOURCE_ROOT; };
		B6F236B624379069002457DF /* PillButton.swift */ = {isa = PBXFileReference; lastKnownFileType = sourcecode.swift; path = PillButton.swift; sourceTree = "<group>"; };
		B6F2AD32243AB174009273CC /* SnapshotView.swift */ = {isa = PBXFileReference; lastKnownFileType = sourcecode.swift; path = SnapshotView.swift; sourceTree = "<group>"; };
		B6F9579A24398BB40072EBD8 /* EmptyMemoryCollectionViewCell.swift */ = {isa = PBXFileReference; lastKnownFileType = sourcecode.swift; path = EmptyMemoryCollectionViewCell.swift; sourceTree = "<group>"; };
		C7F620167391D6FD12C1DD89 /* Pods-Memorabilia.debug.xcconfig */ = {isa = PBXFileReference; includeInIndex = 1; lastKnownFileType = text.xcconfig; name = "Pods-Memorabilia.debug.xcconfig"; path = "Target Support Files/Pods-Memorabilia/Pods-Memorabilia.debug.xcconfig"; sourceTree = "<group>"; };
		F4EC53CCB888ED32ABB0F659 /* Pods-Memorabilia.release.xcconfig */ = {isa = PBXFileReference; includeInIndex = 1; lastKnownFileType = text.xcconfig; name = "Pods-Memorabilia.release.xcconfig"; path = "Target Support Files/Pods-Memorabilia/Pods-Memorabilia.release.xcconfig"; sourceTree = "<group>"; };
/* End PBXFileReference section */

/* Begin PBXFrameworksBuildPhase section */
		B6C1ED8F23809E8200AAE1B1 /* Frameworks */ = {
			isa = PBXFrameworksBuildPhase;
			buildActionMask = 2147483647;
			files = (
				C6BE42FFDC075E42C630E3CC /* Pods_Memorabilia.framework in Frameworks */,
			);
			runOnlyForDeploymentPostprocessing = 0;
		};
/* End PBXFrameworksBuildPhase section */

/* Begin PBXGroup section */
		49E15CB451B6EFD5A5BA6C52 /* Frameworks */ = {
			isa = PBXGroup;
			children = (
				7FF160F8A56DEDA37463E238 /* Pods_Memorabilia.framework */,
			);
			name = Frameworks;
			sourceTree = "<group>";
		};
		B60E2421247AE9CA0010A363 /* Information */ = {
			isa = PBXGroup;
			children = (
				B60E2425247AEA380010A363 /* InformationViewController.swift */,
				B60E2422247AEA380010A363 /* InformationInteractor.swift */,
				B60E2426247AEA380010A363 /* InformationPresenter.swift */,
				B60E2423247AEA380010A363 /* InformationEntity.swift */,
				B60E2424247AEA380010A363 /* InformationRouter.swift */,
				B60E242E247B50510010A363 /* Information+Collection.swift */,
			);
			path = Information;
			sourceTree = "<group>";
		};
		B63663F0239448760008F5BD /* Cell */ = {
			isa = PBXGroup;
			children = (
				B63663F1239448990008F5BD /* MemoryCollectionViewCell.swift */,
				B6F9579A24398BB40072EBD8 /* EmptyMemoryCollectionViewCell.swift */,
				B60E2430247B52180010A363 /* InformationCollectionViewCell.swift */,
				B60E2432247B52500010A363 /* EmptyInformationCollectionViewCell.swift */,
				B6DBE81E247F4F07003D83B0 /* FlagTableViewCell.swift */,
				B6DBE82424806489003D83B0 /* TextInputTableViewCell.swift */,
				B6DBE82624806645003D83B0 /* SpacingTableViewCell.swift */,
				B6DBE82824806975003D83B0 /* ImageInputTableViewCell.swift */,
				B6DBE82C248086E2003D83B0 /* ButtonTableViewCell.swift */,
				B68D4499248338DF00F5A44A /* MessageTableViewCell.swift */,
			);
			path = Cell;
			sourceTree = "<group>";
		};
		B6412CDA238EE3FD00BED236 /* Memories */ = {
			isa = PBXGroup;
			children = (
				B63663EE239448420008F5BD /* MemoriesViewController.swift */,
				B6102A25241EC75A0060E962 /* MemoriesInteractor.swift */,
				B6102A27241EC7640060E962 /* MemoriesPresenter.swift */,
				B6102A2B241EC7900060E962 /* MemoriesEntity.swift */,
				B6102A29241EC7730060E962 /* MemoriesRouter.swift */,
				B6102A39241ED1DC0060E962 /* Memories+Collection.swift */,
			);
			path = Memories;
			sourceTree = "<group>";
		};
		B6412CDB238EE43400BED236 /* Document */ = {
			isa = PBXGroup;
			children = (
				B6412CDC238EE49300BED236 /* DocumentsDatabase.swift */,
			);
			path = Document;
			sourceTree = "<group>";
		};
		B6412CDE238EE66300BED236 /* Studio */ = {
			isa = PBXGroup;
			children = (
				B6412CE0238EE6A900BED236 /* StudioViewController.swift */,
				B604095E2431412000C3D627 /* StudioInteractor.swift */,
				B60409602431412C00C3D627 /* StudioPresenter.swift */,
				B60409622431413800C3D627 /* StudioEntity.swift */,
				B60409642431414200C3D627 /* StudioRouter.swift */,
				B60409662431415C00C3D627 /* Studio+AR.swift */,
				B69ADD4B244F98F2001D9625 /* Studio+Media.swift */,
			);
			path = Studio;
			sourceTree = "<group>";
		};
		B6412CDF238EE68D00BED236 /* Experience */ = {
			isa = PBXGroup;
			children = (
				B6102A2D241EC9AB0060E962 /* ExperienceViewController.swift */,
				B6102A2F241ECA230060E962 /* ExperienceInteractor.swift */,
				B6102A31241ECA2E0060E962 /* ExperiencePresenter.swift */,
				B6102A33241ECA3F0060E962 /* ExperienceEntity.swift */,
				B6102A35241ECA4B0060E962 /* ExperienceRouter.swift */,
				B6E7F67F24394637001A5149 /* Experience+AR.swift */,
			);
			path = Experience;
			sourceTree = "<group>";
		};
		B6423FA6241D8DC5004A7B5E /* Realm */ = {
			isa = PBXGroup;
			children = (
				B6423FA7241D8DD6004A7B5E /* RealmDatabase.swift */,
				B6423FA9241D92BD004A7B5E /* RealmObserver.swift */,
				B6E7F67C2438DB5C001A5149 /* Model */,
			);
			path = Realm;
			sourceTree = "<group>";
		};
		B6423FAF241D949E004A7B5E /* UserDefaults */ = {
			isa = PBXGroup;
			children = (
				B6423FB0241D94B8004A7B5E /* UserDefaultsDatabase.swift */,
			);
			path = UserDefaults;
			sourceTree = "<group>";
		};
		B64E7CE12485F1A0003292F1 /* Model */ = {
			isa = PBXGroup;
			children = (
				B64E7CE42485F61E003292F1 /* Memory.swift */,
				B6D033412455E6C400511544 /* Reminder.swift */,
				B64E7CE22485F1D2003292F1 /* Transform.swift */,
				B60E242C247AF3050010A363 /* Information.swift */,
			);
			path = Model;
			sourceTree = "<group>";
		};
		B6654C47243E56820081CD22 /* Create */ = {
			isa = PBXGroup;
			children = (
				B6654C49243E5CD40081CD22 /* CreateViewController.swift */,
				B6654C4B243E5CE40081CD22 /* CreateInteractor.swift */,
				B6654C4D243E5CF60081CD22 /* CreatePresenter.swift */,
				B6654C4F243E5D010081CD22 /* CreateEntity.swift */,
				B6654C51243E5D0D0081CD22 /* CreateRouter.swift */,
				B6DBE82A24806BE6003D83B0 /* Create+Table.swift */,
				B6DBE82024801B97003D83B0 /* Create+Media.swift */,
			);
			path = Create;
			sourceTree = "<group>";
		};
		B6654C48243E56F30081CD22 /* Settings */ = {
			isa = PBXGroup;
			children = (
				B6654C53243E5D260081CD22 /* SettingsViewController.swift */,
				B6654C55243E5D310081CD22 /* SettingsInteractor.swift */,
				B6654C57243E5D410081CD22 /* SettingsPresenter.swift */,
				B6654C59243E5D4E0081CD22 /* SettingsEntity.swift */,
				B6654C5B243E5D640081CD22 /* SettingsRouter.swift */,
				B68D44972483363800F5A44A /* Settings+Table.swift */,
			);
			path = Settings;
			sourceTree = "<group>";
		};
		B6996AAB2394371900F4133D /* Button */ = {
			isa = PBXGroup;
			children = (
				B6996AAC2394372D00F4133D /* CircleButton.swift */,
				B6F236B624379069002457DF /* PillButton.swift */,
				B6102A3D241ED4320060E962 /* ActionBarButton.swift */,
				B6E7F67A2438CE4A001A5149 /* OptionsBarButton.swift */,
			);
			path = Button;
			sourceTree = "<group>";
		};
		B6996AB0239439F100F4133D /* View */ = {
			isa = PBXGroup;
			children = (
				B6996AAE239439EB00F4133D /* InfoView.swift */,
				B6102A37241ED0250060E962 /* NavigationBarView.swift */,
				B6102A3B241ED3CA0060E962 /* ActionBarView.swift */,
				B6A09EDF2436B11A00EB700A /* OptionsBarView.swift */,
				B6E7F67224379EC3001A5149 /* ActionView.swift */,
				B6F2AD32243AB174009273CC /* SnapshotView.swift */,
				B67F2FFE2453C42900C42324 /* InputTextView.swift */,
				B6DBE82224806329003D83B0 /* TableViewHeaderView.swift */,
				B6907C732481F19500B7252B /* CollectionViewHeaderView.swift */,
			);
			path = View;
			sourceTree = "<group>";
		};
		B6C18990245F9C21002B6FEA /* Transition */ = {
			isa = PBXGroup;
			children = (
				B6C1898A245F5C07002B6FEA /* SnapshotTransition.swift */,
			);
			path = Transition;
			sourceTree = "<group>";
		};
		B6C1ED8923809E8200AAE1B1 = {
			isa = PBXGroup;
			children = (
				B6C1ED9423809E8200AAE1B1 /* Memorabilia */,
				B6C1ED9323809E8200AAE1B1 /* Products */,
				DFF667CFDBF5E5C345165B00 /* Pods */,
				49E15CB451B6EFD5A5BA6C52 /* Frameworks */,
			);
			sourceTree = "<group>";
		};
		B6C1ED9323809E8200AAE1B1 /* Products */ = {
			isa = PBXGroup;
			children = (
				B6C1ED9223809E8200AAE1B1 /* Memorabilia.app */,
			);
			name = Products;
			sourceTree = "<group>";
		};
		B6C1ED9423809E8200AAE1B1 /* Memorabilia */ = {
			isa = PBXGroup;
			children = (
				B6C1ED9523809E8200AAE1B1 /* AppDelegate.swift */,
				B6412CE2238EEB0900BED236 /* SceneDelegate.swift */,
				B6C1ED9E23809E8300AAE1B1 /* Assets.xcassets */,
				B6C1EDA323809E8300AAE1B1 /* Info.plist */,
				B6423FB4241D9A6C004A7B5E /* App.swift */,
				B6C1EDA923809FCB00AAE1B1 /* Clean */,
				B64E7CE12485F1A0003292F1 /* Model */,
				B6C1EDAB23809FF100AAE1B1 /* Service */,
				B6C1EDAA23809FE100AAE1B1 /* View */,
				B6E7F68124396D57001A5149 /* AR */,
				B6C1EDAD2380A00100AAE1B1 /* Extension */,
				B6C1EDAC23809FF600AAE1B1 /* Enumeration */,
				B6C1EDAE2380A00E00AAE1B1 /* Extra */,
				B6DD3E9C247C9C7700245792 /* Data */,
			);
			path = Memorabilia;
			sourceTree = "<group>";
		};
		B6C1EDA923809FCB00AAE1B1 /* Clean */ = {
			isa = PBXGroup;
			children = (
				B6654C47243E56820081CD22 /* Create */,
				B6412CDA238EE3FD00BED236 /* Memories */,
				B6654C48243E56F30081CD22 /* Settings */,
				B60E2421247AE9CA0010A363 /* Information */,
				B6412CDE238EE66300BED236 /* Studio */,
				B6412CDF238EE68D00BED236 /* Experience */,
			);
			path = Clean;
			sourceTree = "<group>";
		};
		B6C1EDAA23809FE100AAE1B1 /* View */ = {
			isa = PBXGroup;
			children = (
				B6996AAB2394371900F4133D /* Button */,
				B63663F0239448760008F5BD /* Cell */,
				B6CD660E243C0DD40026F1EA /* Controller */,
				B6C18990245F9C21002B6FEA /* Transition */,
				B6996AB0239439F100F4133D /* View */,
			);
			path = View;
			sourceTree = "<group>";
		};
		B6C1EDAB23809FF100AAE1B1 /* Service */ = {
			isa = PBXGroup;
			children = (
				B6423FAB241D9354004A7B5E /* Database.swift */,
				B6423FAD241D93A8004A7B5E /* DatabaseObserver.swift */,
				B6423FA6241D8DC5004A7B5E /* Realm */,
				B6412CDB238EE43400BED236 /* Document */,
				B6423FAF241D949E004A7B5E /* UserDefaults */,
			);
			path = Service;
			sourceTree = "<group>";
		};
		B6C1EDAC23809FF600AAE1B1 /* Enumeration */ = {
			isa = PBXGroup;
			children = (
				B60E241F247AE6CA0010A363 /* InformationType.swift */,
				B6CD6611243C10810026F1EA /* MenuPageType.swift */,
				B6304254243A3A890026FA1D /* ReminderType.swift */,
			);
			path = Enumeration;
			sourceTree = "<group>";
		};
		B6C1EDAD2380A00100AAE1B1 /* Extension */ = {
			isa = PBXGroup;
			children = (
				B6E3E88C243E771100656B21 /* Array.swift */,
				B6412CE6238EF9A500BED236 /* ARUtilities.swift */,
				B6D033432456058800511544 /* AVAssetTrack.swift */,
				B6E7F6782438C8E0001A5149 /* CGPoint.swift */,
				B6E7F6762438C8C1001A5149 /* CGRect.swift */,
				B6C1898C245F7D5D002B6FEA /* CGSize.swift */,
				B6303372245CBF7B00DFDA0D /* Collection.swift */,
				B6C1898E245F8644002B6FEA /* Comparable.swift */,
				B6D033452456630A00511544 /* UIImage.swift */,
			);
			path = Extension;
			sourceTree = "<group>";
		};
		B6C1EDAE2380A00E00AAE1B1 /* Extra */ = {
			isa = PBXGroup;
			children = (
				B6423FB2241D99AD004A7B5E /* SeriesChanges.swift */,
			);
			path = Extra;
			sourceTree = "<group>";
		};
		B6CD660E243C0DD40026F1EA /* Controller */ = {
			isa = PBXGroup;
			children = (
				B6DBE82E2480A20C003D83B0 /* MemoryContextMenuViewController.swift */,
				B6CD660F243C0DFA0026F1EA /* MenuController.swift */,
				B63663EC239444420008F5BD /* NavigationController.swift */,
			);
			path = Controller;
			sourceTree = "<group>";
		};
		B6DD3E9C247C9C7700245792 /* Data */ = {
			isa = PBXGroup;
			children = (
				B6DD3E9D247C9CA200245792 /* InformationData.jscsrc */,
			);
			path = Data;
			sourceTree = "<group>";
		};
		B6E7F67C2438DB5C001A5149 /* Model */ = {
			isa = PBXGroup;
			children = (
				B6E7F67D2438DB74001A5149 /* MemoryRealm.swift */,
				B64E7CDF2485DF60003292F1 /* TransformRealm.swift */,
			);
			path = Model;
			sourceTree = "<group>";
		};
		B6E7F68124396D57001A5149 /* AR */ = {
			isa = PBXGroup;
			children = (
				B6E7F68224396D84001A5149 /* Anchor */,
			);
			path = AR;
			sourceTree = "<group>";
		};
		B6E7F68224396D84001A5149 /* Anchor */ = {
			isa = PBXGroup;
			children = (
				B6412CE4238EF8D400BED236 /* SnapshotAnchor.swift */,
				B63E3C3724522CA400F41EEB /* ReminderAnchor.swift */,
			);
			path = Anchor;
			sourceTree = "<group>";
		};
		DFF667CFDBF5E5C345165B00 /* Pods */ = {
			isa = PBXGroup;
			children = (
				C7F620167391D6FD12C1DD89 /* Pods-Memorabilia.debug.xcconfig */,
				F4EC53CCB888ED32ABB0F659 /* Pods-Memorabilia.release.xcconfig */,
			);
			path = Pods;
			sourceTree = "<group>";
		};
/* End PBXGroup section */

/* Begin PBXNativeTarget section */
		B6C1ED9123809E8200AAE1B1 /* Memorabilia */ = {
			isa = PBXNativeTarget;
			buildConfigurationList = B6C1EDA623809E8300AAE1B1 /* Build configuration list for PBXNativeTarget "Memorabilia" */;
			buildPhases = (
				36ABF156E1B73EA4B11D00B6 /* [CP] Check Pods Manifest.lock */,
				B6C1ED8E23809E8200AAE1B1 /* Sources */,
				B6C1ED8F23809E8200AAE1B1 /* Frameworks */,
				B6C1ED9023809E8200AAE1B1 /* Resources */,
				75CF4D60B2C4F79F84842BEE /* [CP] Embed Pods Frameworks */,
			);
			buildRules = (
			);
			dependencies = (
			);
			name = Memorabilia;
			productName = Memorabilia;
			productReference = B6C1ED9223809E8200AAE1B1 /* Memorabilia.app */;
			productType = "com.apple.product-type.application";
		};
/* End PBXNativeTarget section */

/* Begin PBXProject section */
		B6C1ED8A23809E8200AAE1B1 /* Project object */ = {
			isa = PBXProject;
			attributes = {
				LastSwiftUpdateCheck = 1120;
				LastUpgradeCheck = 1120;
				ORGANIZATIONNAME = "André Mello Alves";
				TargetAttributes = {
					B6C1ED9123809E8200AAE1B1 = {
						CreatedOnToolsVersion = 11.2;
					};
				};
			};
			buildConfigurationList = B6C1ED8D23809E8200AAE1B1 /* Build configuration list for PBXProject "Memorabilia" */;
			compatibilityVersion = "Xcode 9.3";
			developmentRegion = en;
			hasScannedForEncodings = 0;
			knownRegions = (
				en,
				Base,
			);
			mainGroup = B6C1ED8923809E8200AAE1B1;
			productRefGroup = B6C1ED9323809E8200AAE1B1 /* Products */;
			projectDirPath = "";
			projectRoot = "";
			targets = (
				B6C1ED9123809E8200AAE1B1 /* Memorabilia */,
			);
		};
/* End PBXProject section */

/* Begin PBXResourcesBuildPhase section */
		B6C1ED9023809E8200AAE1B1 /* Resources */ = {
			isa = PBXResourcesBuildPhase;
			buildActionMask = 2147483647;
			files = (
				B6DD3E9E247C9CA200245792 /* InformationData.jscsrc in Resources */,
				B6C1ED9F23809E8300AAE1B1 /* Assets.xcassets in Resources */,
			);
			runOnlyForDeploymentPostprocessing = 0;
		};
/* End PBXResourcesBuildPhase section */

/* Begin PBXShellScriptBuildPhase section */
		36ABF156E1B73EA4B11D00B6 /* [CP] Check Pods Manifest.lock */ = {
			isa = PBXShellScriptBuildPhase;
			buildActionMask = 2147483647;
			files = (
			);
			inputFileListPaths = (
			);
			inputPaths = (
				"${PODS_PODFILE_DIR_PATH}/Podfile.lock",
				"${PODS_ROOT}/Manifest.lock",
			);
			name = "[CP] Check Pods Manifest.lock";
			outputFileListPaths = (
			);
			outputPaths = (
				"$(DERIVED_FILE_DIR)/Pods-Memorabilia-checkManifestLockResult.txt",
			);
			runOnlyForDeploymentPostprocessing = 0;
			shellPath = /bin/sh;
			shellScript = "diff \"${PODS_PODFILE_DIR_PATH}/Podfile.lock\" \"${PODS_ROOT}/Manifest.lock\" > /dev/null\nif [ $? != 0 ] ; then\n    # print error to STDERR\n    echo \"error: The sandbox is not in sync with the Podfile.lock. Run 'pod install' or update your CocoaPods installation.\" >&2\n    exit 1\nfi\n# This output is used by Xcode 'outputs' to avoid re-running this script phase.\necho \"SUCCESS\" > \"${SCRIPT_OUTPUT_FILE_0}\"\n";
			showEnvVarsInLog = 0;
		};
		75CF4D60B2C4F79F84842BEE /* [CP] Embed Pods Frameworks */ = {
			isa = PBXShellScriptBuildPhase;
			buildActionMask = 2147483647;
			files = (
			);
			inputFileListPaths = (
				"${PODS_ROOT}/Target Support Files/Pods-Memorabilia/Pods-Memorabilia-frameworks-${CONFIGURATION}-input-files.xcfilelist",
			);
			name = "[CP] Embed Pods Frameworks";
			outputFileListPaths = (
				"${PODS_ROOT}/Target Support Files/Pods-Memorabilia/Pods-Memorabilia-frameworks-${CONFIGURATION}-output-files.xcfilelist",
			);
			runOnlyForDeploymentPostprocessing = 0;
			shellPath = /bin/sh;
			shellScript = "\"${PODS_ROOT}/Target Support Files/Pods-Memorabilia/Pods-Memorabilia-frameworks.sh\"\n";
			showEnvVarsInLog = 0;
		};
/* End PBXShellScriptBuildPhase section */

/* Begin PBXSourcesBuildPhase section */
		B6C1ED8E23809E8200AAE1B1 /* Sources */ = {
			isa = PBXSourcesBuildPhase;
			buildActionMask = 2147483647;
			files = (
				B60E242A247AEA380010A363 /* InformationViewController.swift in Sources */,
				B63E3C3824522CA400F41EEB /* ReminderAnchor.swift in Sources */,
				B604095F2431412000C3D627 /* StudioInteractor.swift in Sources */,
				B6CD6612243C10810026F1EA /* MenuPageType.swift in Sources */,
				B6DBE82124801B97003D83B0 /* Create+Media.swift in Sources */,
				B6CD6610243C0DFA0026F1EA /* MenuController.swift in Sources */,
				B6102A30241ECA230060E962 /* ExperienceInteractor.swift in Sources */,
				B60E242F247B50510010A363 /* Information+Collection.swift in Sources */,
				B60409632431413800C3D627 /* StudioEntity.swift in Sources */,
				B6423FAE241D93A8004A7B5E /* DatabaseObserver.swift in Sources */,
				B6102A2A241EC7730060E962 /* MemoriesRouter.swift in Sources */,
				B60E2429247AEA380010A363 /* InformationRouter.swift in Sources */,
				B6423FB1241D94B8004A7B5E /* UserDefaultsDatabase.swift in Sources */,
				B64E7CE52485F61E003292F1 /* Memory.swift in Sources */,
				B6D033422455E6C400511544 /* Reminder.swift in Sources */,
				B6654C56243E5D310081CD22 /* SettingsInteractor.swift in Sources */,
				B6654C5C243E5D640081CD22 /* SettingsRouter.swift in Sources */,
				B60E2433247B52500010A363 /* EmptyInformationCollectionViewCell.swift in Sources */,
				B69ADD4C244F98F2001D9625 /* Studio+Media.swift in Sources */,
				B6996AAF239439EB00F4133D /* InfoView.swift in Sources */,
				B6E7F6772438C8C1001A5149 /* CGRect.swift in Sources */,
				B6102A3A241ED1DC0060E962 /* Memories+Collection.swift in Sources */,
				B6DBE82724806645003D83B0 /* SpacingTableViewCell.swift in Sources */,
				B6E7F67324379EC3001A5149 /* ActionView.swift in Sources */,
				B6654C58243E5D410081CD22 /* SettingsPresenter.swift in Sources */,
				B6DBE82F2480A20C003D83B0 /* MemoryContextMenuViewController.swift in Sources */,
				B6F236B724379069002457DF /* PillButton.swift in Sources */,
				B6303373245CBF7B00DFDA0D /* Collection.swift in Sources */,
				B68D44982483363800F5A44A /* Settings+Table.swift in Sources */,
				B60E242D247AF3050010A363 /* Information.swift in Sources */,
				B6D033442456058800511544 /* AVAssetTrack.swift in Sources */,
				B6DBE82324806329003D83B0 /* TableViewHeaderView.swift in Sources */,
				B63663EF239448420008F5BD /* MemoriesViewController.swift in Sources */,
				B6DBE81F247F4F07003D83B0 /* FlagTableViewCell.swift in Sources */,
				B60E2431247B52180010A363 /* InformationCollectionViewCell.swift in Sources */,
				B6DBE82524806489003D83B0 /* TextInputTableViewCell.swift in Sources */,
				B6E7F68024394637001A5149 /* Experience+AR.swift in Sources */,
				B6102A36241ECA4B0060E962 /* ExperienceRouter.swift in Sources */,
				B60E2428247AEA380010A363 /* InformationEntity.swift in Sources */,
				B64E7CE32485F1D2003292F1 /* Transform.swift in Sources */,
				B6996AAD2394372D00F4133D /* CircleButton.swift in Sources */,
				B6654C52243E5D0D0081CD22 /* CreateRouter.swift in Sources */,
				B6C1ED9623809E8200AAE1B1 /* AppDelegate.swift in Sources */,
				B6102A3C241ED3CA0060E962 /* ActionBarView.swift in Sources */,
				B6F9579B24398BB40072EBD8 /* EmptyMemoryCollectionViewCell.swift in Sources */,
				B6654C4A243E5CD40081CD22 /* CreateViewController.swift in Sources */,
				B60E2427247AEA380010A363 /* InformationInteractor.swift in Sources */,
				B63663F2239448990008F5BD /* MemoryCollectionViewCell.swift in Sources */,
				B6654C5A243E5D4E0081CD22 /* SettingsEntity.swift in Sources */,
				B6654C54243E5D260081CD22 /* SettingsViewController.swift in Sources */,
				B6102A26241EC75A0060E962 /* MemoriesInteractor.swift in Sources */,
				B6102A32241ECA2E0060E962 /* ExperiencePresenter.swift in Sources */,
				B6E7F6792438C8E0001A5149 /* CGPoint.swift in Sources */,
				B6423FAA241D92BD004A7B5E /* RealmObserver.swift in Sources */,
				B6304255243A3A890026FA1D /* ReminderType.swift in Sources */,
				B6F2AD33243AB174009273CC /* SnapshotView.swift in Sources */,
				B6412CE5238EF8D400BED236 /* SnapshotAnchor.swift in Sources */,
				B6423FB5241D9A6C004A7B5E /* App.swift in Sources */,
				B6DBE82924806975003D83B0 /* ImageInputTableViewCell.swift in Sources */,
				B6102A34241ECA3F0060E962 /* ExperienceEntity.swift in Sources */,
				B6E3E88D243E771100656B21 /* Array.swift in Sources */,
				B6E7F67B2438CE4A001A5149 /* OptionsBarButton.swift in Sources */,
				B60409612431412C00C3D627 /* StudioPresenter.swift in Sources */,
				B6C1898F245F8644002B6FEA /* Comparable.swift in Sources */,
				B6102A2E241EC9AB0060E962 /* ExperienceViewController.swift in Sources */,
				B6C1898B245F5C07002B6FEA /* SnapshotTransition.swift in Sources */,
				B63663ED239444420008F5BD /* NavigationController.swift in Sources */,
				B68D449A248338DF00F5A44A /* MessageTableViewCell.swift in Sources */,
				B6102A2C241EC7900060E962 /* MemoriesEntity.swift in Sources */,
				B6412CDD238EE49300BED236 /* DocumentsDatabase.swift in Sources */,
				B60409652431414200C3D627 /* StudioRouter.swift in Sources */,
				B6C1898D245F7D5D002B6FEA /* CGSize.swift in Sources */,
				B6907C742481F19500B7252B /* CollectionViewHeaderView.swift in Sources */,
				B6DBE82D248086E2003D83B0 /* ButtonTableViewCell.swift in Sources */,
				B6412CE7238EF9A500BED236 /* ARUtilities.swift in Sources */,
				B60E242B247AEA380010A363 /* InformationPresenter.swift in Sources */,
				B6654C4C243E5CE40081CD22 /* CreateInteractor.swift in Sources */,
				B6412CE1238EE6A900BED236 /* StudioViewController.swift in Sources */,
				B6102A28241EC7640060E962 /* MemoriesPresenter.swift in Sources */,
				B6423FB3241D99AD004A7B5E /* SeriesChanges.swift in Sources */,
				B6A09EE02436B11A00EB700A /* OptionsBarView.swift in Sources */,
				B6412CE3238EEB0900BED236 /* SceneDelegate.swift in Sources */,
				B6423FAC241D9354004A7B5E /* Database.swift in Sources */,
				B6E7F67E2438DB74001A5149 /* MemoryRealm.swift in Sources */,
				B6D033462456630A00511544 /* UIImage.swift in Sources */,
				B60E2420247AE6CA0010A363 /* InformationType.swift in Sources */,
				B60409672431415C00C3D627 /* Studio+AR.swift in Sources */,
				B64E7CE02485DF60003292F1 /* TransformRealm.swift in Sources */,
				B6DBE82B24806BE6003D83B0 /* Create+Table.swift in Sources */,
				B6654C4E243E5CF60081CD22 /* CreatePresenter.swift in Sources */,
				B6102A3E241ED4320060E962 /* ActionBarButton.swift in Sources */,
				B6102A38241ED0250060E962 /* NavigationBarView.swift in Sources */,
				B6654C50243E5D010081CD22 /* CreateEntity.swift in Sources */,
				B67F2FFF2453C42900C42324 /* InputTextView.swift in Sources */,
				B6423FA8241D8DD6004A7B5E /* RealmDatabase.swift in Sources */,
			);
			runOnlyForDeploymentPostprocessing = 0;
		};
/* End PBXSourcesBuildPhase section */

/* Begin XCBuildConfiguration section */
		B6C1EDA423809E8300AAE1B1 /* Debug */ = {
			isa = XCBuildConfiguration;
			buildSettings = {
				ALWAYS_SEARCH_USER_PATHS = NO;
				CLANG_ANALYZER_NONNULL = YES;
				CLANG_ANALYZER_NUMBER_OBJECT_CONVERSION = YES_AGGRESSIVE;
				CLANG_CXX_LANGUAGE_STANDARD = "gnu++14";
				CLANG_CXX_LIBRARY = "libc++";
				CLANG_ENABLE_MODULES = YES;
				CLANG_ENABLE_OBJC_ARC = YES;
				CLANG_ENABLE_OBJC_WEAK = YES;
				CLANG_WARN_BLOCK_CAPTURE_AUTORELEASING = YES;
				CLANG_WARN_BOOL_CONVERSION = YES;
				CLANG_WARN_COMMA = YES;
				CLANG_WARN_CONSTANT_CONVERSION = YES;
				CLANG_WARN_DEPRECATED_OBJC_IMPLEMENTATIONS = YES;
				CLANG_WARN_DIRECT_OBJC_ISA_USAGE = YES_ERROR;
				CLANG_WARN_DOCUMENTATION_COMMENTS = YES;
				CLANG_WARN_EMPTY_BODY = YES;
				CLANG_WARN_ENUM_CONVERSION = YES;
				CLANG_WARN_INFINITE_RECURSION = YES;
				CLANG_WARN_INT_CONVERSION = YES;
				CLANG_WARN_NON_LITERAL_NULL_CONVERSION = YES;
				CLANG_WARN_OBJC_IMPLICIT_RETAIN_SELF = YES;
				CLANG_WARN_OBJC_LITERAL_CONVERSION = YES;
				CLANG_WARN_OBJC_ROOT_CLASS = YES_ERROR;
				CLANG_WARN_RANGE_LOOP_ANALYSIS = YES;
				CLANG_WARN_STRICT_PROTOTYPES = YES;
				CLANG_WARN_SUSPICIOUS_MOVE = YES;
				CLANG_WARN_UNGUARDED_AVAILABILITY = YES_AGGRESSIVE;
				CLANG_WARN_UNREACHABLE_CODE = YES;
				CLANG_WARN__DUPLICATE_METHOD_MATCH = YES;
				COPY_PHASE_STRIP = NO;
				DEBUG_INFORMATION_FORMAT = dwarf;
				ENABLE_STRICT_OBJC_MSGSEND = YES;
				ENABLE_TESTABILITY = YES;
				GCC_C_LANGUAGE_STANDARD = gnu11;
				GCC_DYNAMIC_NO_PIC = NO;
				GCC_NO_COMMON_BLOCKS = YES;
				GCC_OPTIMIZATION_LEVEL = 0;
				GCC_PREPROCESSOR_DEFINITIONS = (
					"DEBUG=1",
					"$(inherited)",
				);
				GCC_WARN_64_TO_32_BIT_CONVERSION = YES;
				GCC_WARN_ABOUT_RETURN_TYPE = YES_ERROR;
				GCC_WARN_UNDECLARED_SELECTOR = YES;
				GCC_WARN_UNINITIALIZED_AUTOS = YES_AGGRESSIVE;
				GCC_WARN_UNUSED_FUNCTION = YES;
				GCC_WARN_UNUSED_VARIABLE = YES;
				IPHONEOS_DEPLOYMENT_TARGET = 13.2;
				MTL_ENABLE_DEBUG_INFO = INCLUDE_SOURCE;
				MTL_FAST_MATH = YES;
				ONLY_ACTIVE_ARCH = YES;
				SDKROOT = iphoneos;
				SWIFT_ACTIVE_COMPILATION_CONDITIONS = DEBUG;
				SWIFT_OPTIMIZATION_LEVEL = "-Onone";
			};
			name = Debug;
		};
		B6C1EDA523809E8300AAE1B1 /* Release */ = {
			isa = XCBuildConfiguration;
			buildSettings = {
				ALWAYS_SEARCH_USER_PATHS = NO;
				CLANG_ANALYZER_NONNULL = YES;
				CLANG_ANALYZER_NUMBER_OBJECT_CONVERSION = YES_AGGRESSIVE;
				CLANG_CXX_LANGUAGE_STANDARD = "gnu++14";
				CLANG_CXX_LIBRARY = "libc++";
				CLANG_ENABLE_MODULES = YES;
				CLANG_ENABLE_OBJC_ARC = YES;
				CLANG_ENABLE_OBJC_WEAK = YES;
				CLANG_WARN_BLOCK_CAPTURE_AUTORELEASING = YES;
				CLANG_WARN_BOOL_CONVERSION = YES;
				CLANG_WARN_COMMA = YES;
				CLANG_WARN_CONSTANT_CONVERSION = YES;
				CLANG_WARN_DEPRECATED_OBJC_IMPLEMENTATIONS = YES;
				CLANG_WARN_DIRECT_OBJC_ISA_USAGE = YES_ERROR;
				CLANG_WARN_DOCUMENTATION_COMMENTS = YES;
				CLANG_WARN_EMPTY_BODY = YES;
				CLANG_WARN_ENUM_CONVERSION = YES;
				CLANG_WARN_INFINITE_RECURSION = YES;
				CLANG_WARN_INT_CONVERSION = YES;
				CLANG_WARN_NON_LITERAL_NULL_CONVERSION = YES;
				CLANG_WARN_OBJC_IMPLICIT_RETAIN_SELF = YES;
				CLANG_WARN_OBJC_LITERAL_CONVERSION = YES;
				CLANG_WARN_OBJC_ROOT_CLASS = YES_ERROR;
				CLANG_WARN_RANGE_LOOP_ANALYSIS = YES;
				CLANG_WARN_STRICT_PROTOTYPES = YES;
				CLANG_WARN_SUSPICIOUS_MOVE = YES;
				CLANG_WARN_UNGUARDED_AVAILABILITY = YES_AGGRESSIVE;
				CLANG_WARN_UNREACHABLE_CODE = YES;
				CLANG_WARN__DUPLICATE_METHOD_MATCH = YES;
				COPY_PHASE_STRIP = NO;
				DEBUG_INFORMATION_FORMAT = "dwarf-with-dsym";
				ENABLE_NS_ASSERTIONS = NO;
				ENABLE_STRICT_OBJC_MSGSEND = YES;
				GCC_C_LANGUAGE_STANDARD = gnu11;
				GCC_NO_COMMON_BLOCKS = YES;
				GCC_WARN_64_TO_32_BIT_CONVERSION = YES;
				GCC_WARN_ABOUT_RETURN_TYPE = YES_ERROR;
				GCC_WARN_UNDECLARED_SELECTOR = YES;
				GCC_WARN_UNINITIALIZED_AUTOS = YES_AGGRESSIVE;
				GCC_WARN_UNUSED_FUNCTION = YES;
				GCC_WARN_UNUSED_VARIABLE = YES;
				IPHONEOS_DEPLOYMENT_TARGET = 13.2;
				MTL_ENABLE_DEBUG_INFO = NO;
				MTL_FAST_MATH = YES;
				SDKROOT = iphoneos;
				SWIFT_COMPILATION_MODE = wholemodule;
				SWIFT_OPTIMIZATION_LEVEL = "-O";
				VALIDATE_PRODUCT = YES;
			};
			name = Release;
		};
		B6C1EDA723809E8300AAE1B1 /* Debug */ = {
			isa = XCBuildConfiguration;
			baseConfigurationReference = C7F620167391D6FD12C1DD89 /* Pods-Memorabilia.debug.xcconfig */;
			buildSettings = {
				ASSETCATALOG_COMPILER_APPICON_NAME = AppIcon;
				CODE_SIGN_STYLE = Automatic;
				DEVELOPMENT_TEAM = J9TFN4UF6A;
				INFOPLIST_FILE = Memorabilia/Info.plist;
				IPHONEOS_DEPLOYMENT_TARGET = 13.4;
				LD_RUNPATH_SEARCH_PATHS = (
					"$(inherited)",
					"@executable_path/Frameworks",
				);
				PRODUCT_BUNDLE_IDENTIFIER = AGMA.Memorabilia;
				PRODUCT_NAME = "$(TARGET_NAME)";
				SWIFT_VERSION = 5.0;
				TARGETED_DEVICE_FAMILY = 1;
			};
			name = Debug;
		};
		B6C1EDA823809E8300AAE1B1 /* Release */ = {
			isa = XCBuildConfiguration;
			baseConfigurationReference = F4EC53CCB888ED32ABB0F659 /* Pods-Memorabilia.release.xcconfig */;
			buildSettings = {
				ASSETCATALOG_COMPILER_APPICON_NAME = AppIcon;
				CODE_SIGN_STYLE = Automatic;
				DEVELOPMENT_TEAM = J9TFN4UF6A;
				INFOPLIST_FILE = Memorabilia/Info.plist;
				IPHONEOS_DEPLOYMENT_TARGET = 13.4;
				LD_RUNPATH_SEARCH_PATHS = (
					"$(inherited)",
					"@executable_path/Frameworks",
				);
				PRODUCT_BUNDLE_IDENTIFIER = AGMA.Memorabilia;
				PRODUCT_NAME = "$(TARGET_NAME)";
				SWIFT_VERSION = 5.0;
				TARGETED_DEVICE_FAMILY = 1;
			};
			name = Release;
		};
/* End XCBuildConfiguration section */

/* Begin XCConfigurationList section */
		B6C1ED8D23809E8200AAE1B1 /* Build configuration list for PBXProject "Memorabilia" */ = {
			isa = XCConfigurationList;
			buildConfigurations = (
				B6C1EDA423809E8300AAE1B1 /* Debug */,
				B6C1EDA523809E8300AAE1B1 /* Release */,
			);
			defaultConfigurationIsVisible = 0;
			defaultConfigurationName = Release;
		};
		B6C1EDA623809E8300AAE1B1 /* Build configuration list for PBXNativeTarget "Memorabilia" */ = {
			isa = XCConfigurationList;
			buildConfigurations = (
				B6C1EDA723809E8300AAE1B1 /* Debug */,
				B6C1EDA823809E8300AAE1B1 /* Release */,
			);
			defaultConfigurationIsVisible = 0;
			defaultConfigurationName = Release;
		};
/* End XCConfigurationList section */
	};
	rootObject = B6C1ED8A23809E8200AAE1B1 /* Project object */;
}
